
Microsoft Visual Studio Solution File, Format Version 12.00
# Visual Studio 15
VisualStudioVersion = 15.0.28307.329
MinimumVisualStudioVersion = 10.0.40219.1
Project("{FAE04EC0-301F-11D3-BF4B-00C04F79EFBC}") = "ChatVadim", "ChatVadim\ChatVadim.csproj", "{63121F25-199E-4D3B-988B-9A632A5F1297}"
EndProject
Global
	GlobalSection(SolutionConfigurationPlatforms) = preSolution
		Debug|Any CPU = Debug|Any CPU
		Release|Any CPU = Release|Any CPU
	EndGlobalSection
	GlobalSection(ProjectConfigurationPlatforms) = postSolution
		{63121F25-199E-4D3B-988B-9A632A5F1297}.Debug|Any CPU.ActiveCfg = Debug|Any CPU
		{63121F25-199E-4D3B-988B-9A632A5F1297}.Debug|Any CPU.Build.0 = Debug|Any CPU
		{63121F25-199E-4D3B-988B-9A632A5F1297}.Release|Any CPU.ActiveCfg = Release|Any CPU
		{63121F25-199E-4D3B-988B-9A632A5F1297}.Release|Any CPU.Build.0 = Release|Any CPU
	EndGlobalSection
	GlobalSection(SolutionProperties) = preSolution
		HideSolutionNode = FALSE
	EndGlobalSection
	GlobalSection(ExtensibilityGlobals) = postSolution
		SolutionGuid = {11BA6020-3B5C-45B7-A90C-9287A39A8851}
	EndGlobalSection
EndGlobal
